// !$*UTF8*$!
{
	archiveVersion = 1;
	classes = {
	};
	objectVersion = 55;
	objects = {

/* Begin PBXBuildFile section */
		67EE53F32B97E91800C41C3C /* AppDelegate.swift in Sources */ = {isa = PBXBuildFile; fileRef = 67EE53F22B97E91800C41C3C /* AppDelegate.swift */; };
		67EE53F52B97E91800C41C3C /* ViewController.swift in Sources */ = {isa = PBXBuildFile; fileRef = 67EE53F42B97E91800C41C3C /* ViewController.swift */; };
		67EE53F72B97E91A00C41C3C /* Assets.xcassets in Resources */ = {isa = PBXBuildFile; fileRef = 67EE53F62B97E91A00C41C3C /* Assets.xcassets */; };
		67EE53FA2B97E91A00C41C3C /* Main.storyboard in Resources */ = {isa = PBXBuildFile; fileRef = 67EE53F82B97E91A00C41C3C /* Main.storyboard */; };
		67EE54052B97E91A00C41C3C /* timeguardianMac1Tests.swift in Sources */ = {isa = PBXBuildFile; fileRef = 67EE54042B97E91A00C41C3C /* timeguardianMac1Tests.swift */; };
		67EE540F2B97E91B00C41C3C /* timeguardianMac1UITests.swift in Sources */ = {isa = PBXBuildFile; fileRef = 67EE540E2B97E91B00C41C3C /* timeguardianMac1UITests.swift */; };
		67EE54112B97E91B00C41C3C /* timeguardianMac1UITestsLaunchTests.swift in Sources */ = {isa = PBXBuildFile; fileRef = 67EE54102B97E91B00C41C3C /* timeguardianMac1UITestsLaunchTests.swift */; };
/* End PBXBuildFile section */

/* Begin PBXContainerItemProxy section */
		67EE54012B97E91A00C41C3C /* PBXContainerItemProxy */ = {
			isa = PBXContainerItemProxy;
			containerPortal = 67EE53E72B97E91800C41C3C /* Project object */;
			proxyType = 1;
			remoteGlobalIDString = 67EE53EE2B97E91800C41C3C;
			remoteInfo = timeguardianMac1;
		};
		67EE540B2B97E91B00C41C3C /* PBXContainerItemProxy */ = {
			isa = PBXContainerItemProxy;
			containerPortal = 67EE53E72B97E91800C41C3C /* Project object */;
			proxyType = 1;
			remoteGlobalIDString = 67EE53EE2B97E91800C41C3C;
			remoteInfo = timeguardianMac1;
		};
/* End PBXContainerItemProxy section */

/* Begin PBXFileReference section */
		67EE53EF2B97E91800C41C3C /* timeguardianMac1.app */ = {isa = PBXFileReference; explicitFileType = wrapper.application; includeInIndex = 0; path = timeguardianMac1.app; sourceTree = BUILT_PRODUCTS_DIR; };
		67EE53F22B97E91800C41C3C /* AppDelegate.swift */ = {isa = PBXFileReference; lastKnownFileType = sourcecode.swift; path = AppDelegate.swift; sourceTree = "<group>"; };
		67EE53F42B97E91800C41C3C /* ViewController.swift */ = {isa = PBXFileReference; lastKnownFileType = sourcecode.swift; path = ViewController.swift; sourceTree = "<group>"; };
		67EE53F62B97E91A00C41C3C /* Assets.xcassets */ = {isa = PBXFileReference; lastKnownFileType = folder.assetcatalog; path = Assets.xcassets; sourceTree = "<group>"; };
		67EE53F92B97E91A00C41C3C /* Base */ = {isa = PBXFileReference; lastKnownFileType = file.storyboard; name = Base; path = Base.lproj/Main.storyboard; sourceTree = "<group>"; };
		67EE53FB2B97E91A00C41C3C /* timeguardianMac1.entitlements */ = {isa = PBXFileReference; lastKnownFileType = text.plist.entitlements; path = timeguardianMac1.entitlements; sourceTree = "<group>"; };
		67EE54002B97E91A00C41C3C /* timeguardianMac1Tests.xctest */ = {isa = PBXFileReference; explicitFileType = wrapper.cfbundle; includeInIndex = 0; path = timeguardianMac1Tests.xctest; sourceTree = BUILT_PRODUCTS_DIR; };
		67EE54042B97E91A00C41C3C /* timeguardianMac1Tests.swift */ = {isa = PBXFileReference; lastKnownFileType = sourcecode.swift; path = timeguardianMac1Tests.swift; sourceTree = "<group>"; };
		67EE540A2B97E91B00C41C3C /* timeguardianMac1UITests.xctest */ = {isa = PBXFileReference; explicitFileType = wrapper.cfbundle; includeInIndex = 0; path = timeguardianMac1UITests.xctest; sourceTree = BUILT_PRODUCTS_DIR; };
		67EE540E2B97E91B00C41C3C /* timeguardianMac1UITests.swift */ = {isa = PBXFileReference; lastKnownFileType = sourcecode.swift; path = timeguardianMac1UITests.swift; sourceTree = "<group>"; };
		67EE54102B97E91B00C41C3C /* timeguardianMac1UITestsLaunchTests.swift */ = {isa = PBXFileReference; lastKnownFileType = sourcecode.swift; path = timeguardianMac1UITestsLaunchTests.swift; sourceTree = "<group>"; };
/* End PBXFileReference section */

/* Begin PBXFrameworksBuildPhase section */
		67EE53EC2B97E91800C41C3C /* Frameworks */ = {
			isa = PBXFrameworksBuildPhase;
			buildActionMask = 2147483647;
			files = (
			);
			runOnlyForDeploymentPostprocessing = 0;
		};
		67EE53FD2B97E91A00C41C3C /* Frameworks */ = {
			isa = PBXFrameworksBuildPhase;
			buildActionMask = 2147483647;
			files = (
			);
			runOnlyForDeploymentPostprocessing = 0;
		};
		67EE54072B97E91B00C41C3C /* Frameworks */ = {
			isa = PBXFrameworksBuildPhase;
			buildActionMask = 2147483647;
			files = (
			);
			runOnlyForDeploymentPostprocessing = 0;
		};
/* End PBXFrameworksBuildPhase section */

/* Begin PBXGroup section */
		67EE53E62B97E91800C41C3C = {
			isa = PBXGroup;
			children = (
				67EE53F12B97E91800C41C3C /* timeguardianMac1 */,
				67EE54032B97E91A00C41C3C /* timeguardianMac1Tests */,
				67EE540D2B97E91B00C41C3C /* timeguardianMac1UITests */,
				67EE53F02B97E91800C41C3C /* Products */,
			);
			sourceTree = "<group>";
		};
		67EE53F02B97E91800C41C3C /* Products */ = {
			isa = PBXGroup;
			children = (
				67EE53EF2B97E91800C41C3C /* timeguardianMac1.app */,
				67EE54002B97E91A00C41C3C /* timeguardianMac1Tests.xctest */,
				67EE540A2B97E91B00C41C3C /* timeguardianMac1UITests.xctest */,
			);
			name = Products;
			sourceTree = "<group>";
		};
		67EE53F12B97E91800C41C3C /* timeguardianMac1 */ = {
			isa = PBXGroup;
			children = (
				67EE53F22B97E91800C41C3C /* AppDelegate.swift */,
				67EE53F42B97E91800C41C3C /* ViewController.swift */,
				67EE53F62B97E91A00C41C3C /* Assets.xcassets */,
				67EE53F82B97E91A00C41C3C /* Main.storyboard */,
				67EE53FB2B97E91A00C41C3C /* timeguardianMac1.entitlements */,
			);
			path = timeguardianMac1;
			sourceTree = "<group>";
		};
		67EE54032B97E91A00C41C3C /* timeguardianMac1Tests */ = {
			isa = PBXGroup;
			children = (
				67EE54042B97E91A00C41C3C /* timeguardianMac1Tests.swift */,
			);
			path = timeguardianMac1Tests;
			sourceTree = "<group>";
		};
		67EE540D2B97E91B00C41C3C /* timeguardianMac1UITests */ = {
			isa = PBXGroup;
			children = (
				67EE540E2B97E91B00C41C3C /* timeguardianMac1UITests.swift */,
				67EE54102B97E91B00C41C3C /* timeguardianMac1UITestsLaunchTests.swift */,
			);
			path = timeguardianMac1UITests;
			sourceTree = "<group>";
		};
/* End PBXGroup section */

/* Begin PBXNativeTarget section */
		67EE53EE2B97E91800C41C3C /* timeguardianMac1 */ = {
			isa = PBXNativeTarget;
			buildConfigurationList = 67EE54142B97E91B00C41C3C /* Build configuration list for PBXNativeTarget "timeguardianMac1" */;
			buildPhases = (
				67EE53EB2B97E91800C41C3C /* Sources */,
				67EE53EC2B97E91800C41C3C /* Frameworks */,
				67EE53ED2B97E91800C41C3C /* Resources */,
			);
			buildRules = (
			);
			dependencies = (
			);
			name = timeguardianMac1;
			productName = timeguardianMac1;
			productReference = 67EE53EF2B97E91800C41C3C /* timeguardianMac1.app */;
			productType = "com.apple.product-type.application";
		};
		67EE53FF2B97E91A00C41C3C /* timeguardianMac1Tests */ = {
			isa = PBXNativeTarget;
			buildConfigurationList = 67EE54172B97E91B00C41C3C /* Build configuration list for PBXNativeTarget "timeguardianMac1Tests" */;
			buildPhases = (
				67EE53FC2B97E91A00C41C3C /* Sources */,
				67EE53FD2B97E91A00C41C3C /* Frameworks */,
				67EE53FE2B97E91A00C41C3C /* Resources */,
			);
			buildRules = (
			);
			dependencies = (
				67EE54022B97E91A00C41C3C /* PBXTargetDependency */,
			);
			name = timeguardianMac1Tests;
			productName = timeguardianMac1Tests;
			productReference = 67EE54002B97E91A00C41C3C /* timeguardianMac1Tests.xctest */;
			productType = "com.apple.product-type.bundle.unit-test";
		};
		67EE54092B97E91B00C41C3C /* timeguardianMac1UITests */ = {
			isa = PBXNativeTarget;
			buildConfigurationList = 67EE541A2B97E91B00C41C3C /* Build configuration list for PBXNativeTarget "timeguardianMac1UITests" */;
			buildPhases = (
				67EE54062B97E91B00C41C3C /* Sources */,
				67EE54072B97E91B00C41C3C /* Frameworks */,
				67EE54082B97E91B00C41C3C /* Resources */,
			);
			buildRules = (
			);
			dependencies = (
				67EE540C2B97E91B00C41C3C /* PBXTargetDependency */,
			);
			name = timeguardianMac1UITests;
			productName = timeguardianMac1UITests;
			productReference = 67EE540A2B97E91B00C41C3C /* timeguardianMac1UITests.xctest */;
			productType = "com.apple.product-type.bundle.ui-testing";
		};
/* End PBXNativeTarget section */

/* Begin PBXProject section */
		67EE53E72B97E91800C41C3C /* Project object */ = {
			isa = PBXProject;
			attributes = {
				BuildIndependentTargetsInParallel = 1;
				LastSwiftUpdateCheck = 1330;
				LastUpgradeCheck = 1330;
				TargetAttributes = {
					67EE53EE2B97E91800C41C3C = {
						CreatedOnToolsVersion = 13.3;
					};
					67EE53FF2B97E91A00C41C3C = {
						CreatedOnToolsVersion = 13.3;
						TestTargetID = 67EE53EE2B97E91800C41C3C;
					};
					67EE54092B97E91B00C41C3C = {
						CreatedOnToolsVersion = 13.3;
						TestTargetID = 67EE53EE2B97E91800C41C3C;
					};
				};
			};
			buildConfigurationList = 67EE53EA2B97E91800C41C3C /* Build configuration list for PBXProject "timeguardianMac1" */;
			compatibilityVersion = "Xcode 13.0";
			developmentRegion = en;
			hasScannedForEncodings = 0;
			knownRegions = (
				en,
				Base,
			);
			mainGroup = 67EE53E62B97E91800C41C3C;
			productRefGroup = 67EE53F02B97E91800C41C3C /* Products */;
			projectDirPath = "";
			projectRoot = "";
			targets = (
				67EE53EE2B97E91800C41C3C /* timeguardianMac1 */,
				67EE53FF2B97E91A00C41C3C /* timeguardianMac1Tests */,
				67EE54092B97E91B00C41C3C /* timeguardianMac1UITests */,
			);
		};
/* End PBXProject section */

/* Begin PBXResourcesBuildPhase section */
		67EE53ED2B97E91800C41C3C /* Resources */ = {
			isa = PBXResourcesBuildPhase;
			buildActionMask = 2147483647;
			files = (
				67EE53F72B97E91A00C41C3C /* Assets.xcassets in Resources */,
				67EE53FA2B97E91A00C41C3C /* Main.storyboard in Resources */,
			);
			runOnlyForDeploymentPostprocessing = 0;
		};
		67EE53FE2B97E91A00C41C3C /* Resources */ = {
			isa = PBXResourcesBuildPhase;
			buildActionMask = 2147483647;
			files = (
			);
			runOnlyForDeploymentPostprocessing = 0;
		};
		67EE54082B97E91B00C41C3C /* Resources */ = {
			isa = PBXResourcesBuildPhase;
			buildActionMask = 2147483647;
			files = (
			);
			runOnlyForDeploymentPostprocessing = 0;
		};
/* End PBXResourcesBuildPhase section */

/* Begin PBXSourcesBuildPhase section */
		67EE53EB2B97E91800C41C3C /* Sources */ = {
			isa = PBXSourcesBuildPhase;
			buildActionMask = 2147483647;
			files = (
				67EE53F52B97E91800C41C3C /* ViewController.swift in Sources */,
				67EE53F32B97E91800C41C3C /* AppDelegate.swift in Sources */,
			);
			runOnlyForDeploymentPostprocessing = 0;
		};
		67EE53FC2B97E91A00C41C3C /* Sources */ = {
			isa = PBXSourcesBuildPhase;
			buildActionMask = 2147483647;
			files = (
				67EE54052B97E91A00C41C3C /* timeguardianMac1Tests.swift in Sources */,
			);
			runOnlyForDeploymentPostprocessing = 0;
		};
		67EE54062B97E91B00C41C3C /* Sources */ = {
			isa = PBXSourcesBuildPhase;
			buildActionMask = 2147483647;
			files = (
				67EE54112B97E91B00C41C3C /* timeguardianMac1UITestsLaunchTests.swift in Sources */,
				67EE540F2B97E91B00C41C3C /* timeguardianMac1UITests.swift in Sources */,
			);
			runOnlyForDeploymentPostprocessing = 0;
		};
/* End PBXSourcesBuildPhase section */

/* Begin PBXTargetDependency section */
		67EE54022B97E91A00C41C3C /* PBXTargetDependency */ = {
			isa = PBXTargetDependency;
			target = 67EE53EE2B97E91800C41C3C /* timeguardianMac1 */;
			targetProxy = 67EE54012B97E91A00C41C3C /* PBXContainerItemProxy */;
		};
		67EE540C2B97E91B00C41C3C /* PBXTargetDependency */ = {
			isa = PBXTargetDependency;
			target = 67EE53EE2B97E91800C41C3C /* timeguardianMac1 */;
			targetProxy = 67EE540B2B97E91B00C41C3C /* PBXContainerItemProxy */;
		};
/* End PBXTargetDependency section */

/* Begin PBXVariantGroup section */
		67EE53F82B97E91A00C41C3C /* Main.storyboard */ = {
			isa = PBXVariantGroup;
			children = (
				67EE53F92B97E91A00C41C3C /* Base */,
			);
			name = Main.storyboard;
			sourceTree = "<group>";
		};
/* End PBXVariantGroup section */

/* Begin XCBuildConfiguration section */
		67EE54122B97E91B00C41C3C /* Debug */ = {
			isa = XCBuildConfiguration;
			buildSettings = {
				ALWAYS_SEARCH_USER_PATHS = NO;
				CLANG_ANALYZER_NONNULL = YES;
				CLANG_ANALYZER_NUMBER_OBJECT_CONVERSION = YES_AGGRESSIVE;
				CLANG_CXX_LANGUAGE_STANDARD = "gnu++17";
				CLANG_ENABLE_MODULES = YES;
				CLANG_ENABLE_OBJC_ARC = YES;
				CLANG_ENABLE_OBJC_WEAK = YES;
				CLANG_WARN_BLOCK_CAPTURE_AUTORELEASING = YES;
				CLANG_WARN_BOOL_CONVERSION = YES;
				CLANG_WARN_COMMA = YES;
				CLANG_WARN_CONSTANT_CONVERSION = YES;
				CLANG_WARN_DEPRECATED_OBJC_IMPLEMENTATIONS = YES;
				CLANG_WARN_DIRECT_OBJC_ISA_USAGE = YES_ERROR;
				CLANG_WARN_DOCUMENTATION_COMMENTS = YES;
				CLANG_WARN_EMPTY_BODY = YES;
				CLANG_WARN_ENUM_CONVERSION = YES;
				CLANG_WARN_INFINITE_RECURSION = YES;
				CLANG_WARN_INT_CONVERSION = YES;
				CLANG_WARN_NON_LITERAL_NULL_CONVERSION = YES;
				CLANG_WARN_OBJC_IMPLICIT_RETAIN_SELF = YES;
				CLANG_WARN_OBJC_LITERAL_CONVERSION = YES;
				CLANG_WARN_OBJC_ROOT_CLASS = YES_ERROR;
				CLANG_WARN_QUOTED_INCLUDE_IN_FRAMEWORK_HEADER = YES;
				CLANG_WARN_RANGE_LOOP_ANALYSIS = YES;
				CLANG_WARN_STRICT_PROTOTYPES = YES;
				CLANG_WARN_SUSPICIOUS_MOVE = YES;
				CLANG_WARN_UNGUARDED_AVAILABILITY = YES_AGGRESSIVE;
				CLANG_WARN_UNREACHABLE_CODE = YES;
				CLANG_WARN__DUPLICATE_METHOD_MATCH = YES;
				COPY_PHASE_STRIP = NO;
				DEBUG_INFORMATION_FORMAT = dwarf;
				ENABLE_STRICT_OBJC_MSGSEND = YES;
				ENABLE_TESTABILITY = YES;
				GCC_C_LANGUAGE_STANDARD = gnu11;
				GCC_DYNAMIC_NO_PIC = NO;
				GCC_NO_COMMON_BLOCKS = YES;
				GCC_OPTIMIZATION_LEVEL = 0;
				GCC_PREPROCESSOR_DEFINITIONS = (
					"DEBUG=1",
					"$(inherited)",
				);
				GCC_WARN_64_TO_32_BIT_CONVERSION = YES;
				GCC_WARN_ABOUT_RETURN_TYPE = YES_ERROR;
				GCC_WARN_UNDECLARED_SELECTOR = YES;
				GCC_WARN_UNINITIALIZED_AUTOS = YES_AGGRESSIVE;
				GCC_WARN_UNUSED_FUNCTION = YES;
				GCC_WARN_UNUSED_VARIABLE = YES;
				MACOSX_DEPLOYMENT_TARGET = 12.3;
				MTL_ENABLE_DEBUG_INFO = INCLUDE_SOURCE;
				MTL_FAST_MATH = YES;
				ONLY_ACTIVE_ARCH = YES;
				SDKROOT = macosx;
				SWIFT_ACTIVE_COMPILATION_CONDITIONS = DEBUG;
				SWIFT_OPTIMIZATION_LEVEL = "-Onone";
			};
			name = Debug;
		};
		67EE54132B97E91B00C41C3C /* Release */ = {
			isa = XCBuildConfiguration;
			buildSettings = {
				ALWAYS_SEARCH_USER_PATHS = NO;
				CLANG_ANALYZER_NONNULL = YES;
				CLANG_ANALYZER_NUMBER_OBJECT_CONVERSION = YES_AGGRESSIVE;
				CLANG_CXX_LANGUAGE_STANDARD = "gnu++17";
				CLANG_ENABLE_MODULES = YES;
				CLANG_ENABLE_OBJC_ARC = YES;
				CLANG_ENABLE_OBJC_WEAK = YES;
				CLANG_WARN_BLOCK_CAPTURE_AUTORELEASING = YES;
				CLANG_WARN_BOOL_CONVERSION = YES;
				CLANG_WARN_COMMA = YES;
				CLANG_WARN_CONSTANT_CONVERSION = YES;
				CLANG_WARN_DEPRECATED_OBJC_IMPLEMENTATIONS = YES;
				CLANG_WARN_DIRECT_OBJC_ISA_USAGE = YES_ERROR;
				CLANG_WARN_DOCUMENTATION_COMMENTS = YES;
				CLANG_WARN_EMPTY_BODY = YES;
				CLANG_WARN_ENUM_CONVERSION = YES;
				CLANG_WARN_INFINITE_RECURSION = YES;
				CLANG_WARN_INT_CONVERSION = YES;
				CLANG_WARN_NON_LITERAL_NULL_CONVERSION = YES;
				CLANG_WARN_OBJC_IMPLICIT_RETAIN_SELF = YES;
				CLANG_WARN_OBJC_LITERAL_CONVERSION = YES;
				CLANG_WARN_OBJC_ROOT_CLASS = YES_ERROR;
				CLANG_WARN_QUOTED_INCLUDE_IN_FRAMEWORK_HEADER = YES;
				CLANG_WARN_RANGE_LOOP_ANALYSIS = YES;
				CLANG_WARN_STRICT_PROTOTYPES = YES;
				CLANG_WARN_SUSPICIOUS_MOVE = YES;
				CLANG_WARN_UNGUARDED_AVAILABILITY = YES_AGGRESSIVE;
				CLANG_WARN_UNREACHABLE_CODE = YES;
				CLANG_WARN__DUPLICATE_METHOD_MATCH = YES;
				COPY_PHASE_STRIP = NO;
				DEBUG_INFORMATION_FORMAT = "dwarf-with-dsym";
				ENABLE_NS_ASSERTIONS = NO;
				ENABLE_STRICT_OBJC_MSGSEND = YES;
				GCC_C_LANGUAGE_STANDARD = gnu11;
				GCC_NO_COMMON_BLOCKS = YES;
				GCC_WARN_64_TO_32_BIT_CONVERSION = YES;
				GCC_WARN_ABOUT_RETURN_TYPE = YES_ERROR;
				GCC_WARN_UNDECLARED_SELECTOR = YES;
				GCC_WARN_UNINITIALIZED_AUTOS = YES_AGGRESSIVE;
				GCC_WARN_UNUSED_FUNCTION = YES;
				GCC_WARN_UNUSED_VARIABLE = YES;
				MACOSX_DEPLOYMENT_TARGET = 12.3;
				MTL_ENABLE_DEBUG_INFO = NO;
				MTL_FAST_MATH = YES;
				SDKROOT = macosx;
				SWIFT_COMPILATION_MODE = wholemodule;
				SWIFT_OPTIMIZATION_LEVEL = "-O";
			};
			name = Release;
		};
		67EE54152B97E91B00C41C3C /* Debug */ = {
			isa = XCBuildConfiguration;
			buildSettings = {
				ASSETCATALOG_COMPILER_APPICON_NAME = AppIcon;
				ASSETCATALOG_COMPILER_GLOBAL_ACCENT_COLOR_NAME = AccentColor;
				CODE_SIGN_ENTITLEMENTS = timeguardianMac1/timeguardianMac1.entitlements;
				CODE_SIGN_IDENTITY = "-";
				CODE_SIGN_STYLE = Automatic;
				COMBINE_HIDPI_IMAGES = YES;
				CURRENT_PROJECT_VERSION = 1;
				DEVELOPMENT_TEAM = GM543QUU5V;
				ENABLE_HARDENED_RUNTIME = YES;
				GENERATE_INFOPLIST_FILE = YES;
				INFOPLIST_KEY_NSHumanReadableCopyright = "";
				INFOPLIST_KEY_NSMainStoryboardFile = Main;
				INFOPLIST_KEY_NSPrincipalClass = NSApplication;
				LD_RUNPATH_SEARCH_PATHS = (
					"$(inherited)",
					"@executable_path/../Frameworks",
				);
				MARKETING_VERSION = 1.0;
				PRODUCT_BUNDLE_IDENTIFIER = com.laohu.timeguardian.timeguardianMac1;
				PRODUCT_NAME = "$(TARGET_NAME)";
				SWIFT_EMIT_LOC_STRINGS = YES;
				SWIFT_VERSION = 5.0;
			};
			name = Debug;
		};
		67EE54162B97E91B00C41C3C /* Release */ = {
			isa = XCBuildConfiguration;
			buildSettings = {
				ASSETCATALOG_COMPILER_APPICON_NAME = AppIcon;
				ASSETCATALOG_COMPILER_GLOBAL_ACCENT_COLOR_NAME = AccentColor;
				CODE_SIGN_ENTITLEMENTS = timeguardianMac1/timeguardianMac1.entitlements;
				CODE_SIGN_STYLE = Automatic;
				COMBINE_HIDPI_IMAGES = YES;
				CURRENT_PROJECT_VERSION = 1;
				DEVELOPMENT_TEAM = GM543QUU5V;
				ENABLE_HARDENED_RUNTIME = YES;
				GENERATE_INFOPLIST_FILE = YES;
				INFOPLIST_KEY_NSHumanReadableCopyright = "";
				INFOPLIST_KEY_NSMainStoryboardFile = Main;
				INFOPLIST_KEY_NSPrincipalClass = NSApplication;
				LD_RUNPATH_SEARCH_PATHS = (
					"$(inherited)",
					"@executable_path/../Frameworks",
				);
				MARKETING_VERSION = 1.0;
				PRODUCT_BUNDLE_IDENTIFIER = com.laohu.timeguardian.timeguardianMac1;
				PRODUCT_NAME = "$(TARGET_NAME)";
				SWIFT_EMIT_LOC_STRINGS = YES;
				SWIFT_VERSION = 5.0;
			};
			name = Release;
		};
		67EE54182B97E91B00C41C3C /* Debug */ = {
			isa = XCBuildConfiguration;
			buildSettings = {
				ALWAYS_EMBED_SWIFT_STANDARD_LIBRARIES = YES;
				BUNDLE_LOADER = "$(TEST_HOST)";
				CODE_SIGN_STYLE = Automatic;
				CURRENT_PROJECT_VERSION = 1;
				DEVELOPMENT_TEAM = GM543QUU5V;
				GENERATE_INFOPLIST_FILE = YES;
				MACOSX_DEPLOYMENT_TARGET = 12.3;
				MARKETING_VERSION = 1.0;
				PRODUCT_BUNDLE_IDENTIFIER = com.laohu.timeguardian.timeguardianMac1Tests;
				PRODUCT_NAME = "$(TARGET_NAME)";
				SWIFT_EMIT_LOC_STRINGS = NO;
				SWIFT_VERSION = 5.0;
				TEST_HOST = "$(BUILT_PRODUCTS_DIR)/timeguardianMac1.app/Contents/MacOS/timeguardianMac1";
			};
			name = Debug;
		};
		67EE54192B97E91B00C41C3C /* Release */ = {
			isa = XCBuildConfiguration;
			buildSettings = {
				ALWAYS_EMBED_SWIFT_STANDARD_LIBRARIES = YES;
				BUNDLE_LOADER = "$(TEST_HOST)";
				CODE_SIGN_STYLE = Automatic;
				CURRENT_PROJECT_VERSION = 1;
				DEVELOPMENT_TEAM = GM543QUU5V;
				GENERATE_INFOPLIST_FILE = YES;
				MACOSX_DEPLOYMENT_TARGET = 12.3;
				MARKETING_VERSION = 1.0;
				PRODUCT_BUNDLE_IDENTIFIER = com.laohu.timeguardian.timeguardianMac1Tests;
				PRODUCT_NAME = "$(TARGET_NAME)";
				SWIFT_EMIT_LOC_STRINGS = NO;
				SWIFT_VERSION = 5.0;
				TEST_HOST = "$(BUILT_PRODUCTS_DIR)/timeguardianMac1.app/Contents/MacOS/timeguardianMac1";
			};
			name = Release;
		};
		67EE541B2B97E91B00C41C3C /* Debug */ = {
			isa = XCBuildConfiguration;
			buildSettings = {
				ALWAYS_EMBED_SWIFT_STANDARD_LIBRARIES = YES;
				CODE_SIGN_STYLE = Automatic;
				CURRENT_PROJECT_VERSION = 1;
				DEVELOPMENT_TEAM = GM543QUU5V;
				GENERATE_INFOPLIST_FILE = YES;
				MARKETING_VERSION = 1.0;
				PRODUCT_BUNDLE_IDENTIFIER = com.laohu.timeguardian.timeguardianMac1UITests;
				PRODUCT_NAME = "$(TARGET_NAME)";
				SWIFT_EMIT_LOC_STRINGS = NO;
				SWIFT_VERSION = 5.0;
				TEST_TARGET_NAME = timeguardianMac1;
			};
			name = Debug;
		};
		67EE541C2B97E91B00C41C3C /* Release */ = {
			isa = XCBuildConfiguration;
			buildSettings = {
				ALWAYS_EMBED_SWIFT_STANDARD_LIBRARIES = YES;
				CODE_SIGN_STYLE = Automatic;
				CURRENT_PROJECT_VERSION = 1;
				DEVELOPMENT_TEAM = GM543QUU5V;
				GENERATE_INFOPLIST_FILE = YES;
				MARKETING_VERSION = 1.0;
				PRODUCT_BUNDLE_IDENTIFIER = com.laohu.timeguardian.timeguardianMac1UITests;
				PRODUCT_NAME = "$(TARGET_NAME)";
				SWIFT_EMIT_LOC_STRINGS = NO;
				SWIFT_VERSION = 5.0;
				TEST_TARGET_NAME = timeguardianMac1;
			};
			name = Release;
		};
/* End XCBuildConfiguration section */

/* Begin XCConfigurationList section */
		67EE53EA2B97E91800C41C3C /* Build configuration list for PBXProject "timeguardianMac1" */ = {
			isa = XCConfigurationList;
			buildConfigurations = (
				67EE54122B97E91B00C41C3C /* Debug */,
				67EE54132B97E91B00C41C3C /* Release */,
			);
			defaultConfigurationIsVisible = 0;
			defaultConfigurationName = Release;
		};
		67EE54142B97E91B00C41C3C /* Build configuration list for PBXNativeTarget "timeguardianMac1" */ = {
			isa = XCConfigurationList;
			buildConfigurations = (
				67EE54152B97E91B00C41C3C /* Debug */,
				67EE54162B97E91B00C41C3C /* Release */,
			);
			defaultConfigurationIsVisible = 0;
			defaultConfigurationName = Release;
		};
		67EE54172B97E91B00C41C3C /* Build configuration list for PBXNativeTarget "timeguardianMac1Tests" */ = {
			isa = XCConfigurationList;
			buildConfigurations = (
				67EE54182B97E91B00C41C3C /* Debug */,
				67EE54192B97E91B00C41C3C /* Release */,
			);
			defaultConfigurationIsVisible = 0;
			defaultConfigurationName = Release;
		};
		67EE541A2B97E91B00C41C3C /* Build configuration list for PBXNativeTarget "timeguardianMac1UITests" */ = {
			isa = XCConfigurationList;
			buildConfigurations = (
				67EE541B2B97E91B00C41C3C /* Debug */,
				67EE541C2B97E91B00C41C3C /* Release */,
			);
			defaultConfigurationIsVisible = 0;
			defaultConfigurationName = Release;
		};
/* End XCConfigurationList section */
	};
	rootObject = 67EE53E72B97E91800C41C3C /* Project object */;
}
